Microsoft Visual Studio Solution File, Format Version 12.00
# Visual Studio Version 18
VisualStudioVersion = 18.3.11312.210 d18.3
MinimumVisualStudioVersion = 10.0.40219.1
Project("{FAE04EC0-301F-11D3-BF4B-00C04F79EFBC}") = "Usim", "usim-cs\Usim.csproj", "{A8B3D1E2-4F5C-4D6E-9A7B-1C2D3E4F5A6B}"
EndProject
Project("{FAE04EC0-301F-11D3-BF4B-00C04F79EFBC}") = "Chaos", "chaos-cs\Chaos.csproj", "{395C9399-0BB1-43FD-A0B9-6807C169C5B6}"
EndProject
Project("{FAE04EC0-301F-11D3-BF4B-00C04F79EFBC}") = "UsimTools", "usim-cs-tools\UsimTools.csproj", "{BBA4E3FA-EF3B-4084-8E0A-288B648AA4C3}"
EndProject
Global
	GlobalSection(SolutionConfigurationPlatforms) = preSolution
		Debug|Any CPU = Debug|Any CPU
		Release|Any CPU = Release|Any CPU
	EndGlobalSection
	GlobalSection(ProjectConfigurationPlatforms) = postSolution
		{A8B3D1E2-4F5C-4D6E-9A7B-1C2D3E4F5A6B}.Debug|Any CPU.ActiveCfg = Debug|Any CPU
		{A8B3D1E2-4F5C-4D6E-9A7B-1C2D3E4F5A6B}.Debug|Any CPU.Build.0 = Debug|Any CPU
		{A8B3D1E2-4F5C-4D6E-9A7B-1C2D3E4F5A6B}.Release|Any CPU.ActiveCfg = Release|Any CPU
		{A8B3D1E2-4F5C-4D6E-9A7B-1C2D3E4F5A6B}.Release|Any CPU.Build.0 = Release|Any CPU
		{395C9399-0BB1-43FD-A0B9-6807C169C5B6}.Debug|Any CPU.ActiveCfg = Debug|Any CPU
		{395C9399-0BB1-43FD-A0B9-6807C169C5B6}.Debug|Any CPU.Build.0 = Debug|Any CPU
		{395C9399-0BB1-43FD-A0B9-6807C169C5B6}.Release|Any CPU.ActiveCfg = Release|Any CPU
		{395C9399-0BB1-43FD-A0B9-6807C169C5B6}.Release|Any CPU.Build.0 = Release|Any CPU
		{BBA4E3FA-EF3B-4084-8E0A-288B648AA4C3}.Debug|Any CPU.ActiveCfg = Debug|Any CPU
		{BBA4E3FA-EF3B-4084-8E0A-288B648AA4C3}.Debug|Any CPU.Build.0 = Debug|Any CPU
		{BBA4E3FA-EF3B-4084-8E0A-288B648AA4C3}.Release|Any CPU.ActiveCfg = Release|Any CPU
		{BBA4E3FA-EF3B-4084-8E0A-288B648AA4C3}.Release|Any CPU.Build.0 = Release|Any CPU
	EndGlobalSection
	GlobalSection(SolutionProperties) = preSolution
		HideSolutionNode = FALSE
	EndGlobalSection
	GlobalSection(ExtensibilityGlobals) = postSolution
		SolutionGuid = {BAF53F1D-559D-4B00-84DF-AF22844DD099}
	EndGlobalSection
EndGlobal
